
Microsoft Visual Studio Solution File, Format Version 12.00
# Visual Studio Version 17
VisualStudioVersion = 17.4.33110.190
MinimumVisualStudioVersion = 10.0.40219.1
Project("{FAE04EC0-301F-11D3-BF4B-00C04F79EFBC}") = "LCPTestAuthSocial.Server", "Server\LCPTestAuthSocial.Server.csproj", "{FDF00836-6F81-4125-AEC8-51808E7ECDDF}"
EndProject
Project("{FAE04EC0-301F-11D3-BF4B-00C04F79EFBC}") = "LCPTestAuthSocial.Client", "Client\LCPTestAuthSocial.Client.csproj", "{B7002513-7B1B-4F74-B122-F827B402E669}"
EndProject
Project("{FAE04EC0-301F-11D3-BF4B-00C04F79EFBC}") = "LCPTestAuthSocial.Shared", "Shared\LCPTestAuthSocial.Shared.csproj", "{C7DEE404-54F9-4F52-B71F-1E4613F85FAC}"
EndProject
Global
	GlobalSection(SolutionConfigurationPlatforms) = preSolution
		Debug|Any CPU = Debug|Any CPU
		Release|Any CPU = Release|Any CPU
	EndGlobalSection
	GlobalSection(ProjectConfigurationPlatforms) = postSolution
		{FDF00836-6F81-4125-AEC8-51808E7ECDDF}.Debug|Any CPU.ActiveCfg = Debug|Any CPU
		{FDF00836-6F81-4125-AEC8-51808E7ECDDF}.Debug|Any CPU.Build.0 = Debug|Any CPU
		{FDF00836-6F81-4125-AEC8-51808E7ECDDF}.Release|Any CPU.ActiveCfg = Release|Any CPU
		{FDF00836-6F81-4125-AEC8-51808E7ECDDF}.Release|Any CPU.Build.0 = Release|Any CPU
		{B7002513-7B1B-4F74-B122-F827B402E669}.Debug|Any CPU.ActiveCfg = Debug|Any CPU
		{B7002513-7B1B-4F74-B122-F827B402E669}.Debug|Any CPU.Build.0 = Debug|Any CPU
		{B7002513-7B1B-4F74-B122-F827B402E669}.Release|Any CPU.ActiveCfg = Release|Any CPU
		{B7002513-7B1B-4F74-B122-F827B402E669}.Release|Any CPU.Build.0 = Release|Any CPU
		{C7DEE404-54F9-4F52-B71F-1E4613F85FAC}.Debug|Any CPU.ActiveCfg = Debug|Any CPU
		{C7DEE404-54F9-4F52-B71F-1E4613F85FAC}.Debug|Any CPU.Build.0 = Debug|Any CPU
		{C7DEE404-54F9-4F52-B71F-1E4613F85FAC}.Release|Any CPU.ActiveCfg = Release|Any CPU
		{C7DEE404-54F9-4F52-B71F-1E4613F85FAC}.Release|Any CPU.Build.0 = Release|Any CPU
	EndGlobalSection
	GlobalSection(SolutionProperties) = preSolution
		HideSolutionNode = FALSE
	EndGlobalSection
	GlobalSection(ExtensibilityGlobals) = postSolution
		SolutionGuid = {0776495D-71FE-4434-961A-50E873D5DF69}
	EndGlobalSection
EndGlobal
